
Microsoft Visual Studio Solution File, Format Version 12.00
# Visual Studio 15
VisualStudioVersion = 15.0.26730.8
MinimumVisualStudioVersion = 10.0.40219.1
Project("{FAE04EC0-301F-11D3-BF4B-00C04F79EFBC}") = "Znakomstvo_semenar1", "Znakomstvo_semenar1\Znakomstvo_semenar1.csproj", "{4785B0B1-5961-437E-9A03-119D6F159220}"
EndProject
Global
	GlobalSection(SolutionConfigurationPlatforms) = preSolution
		Debug|Any CPU = Debug|Any CPU
		Release|Any CPU = Release|Any CPU
	EndGlobalSection
	GlobalSection(ProjectConfigurationPlatforms) = postSolution
		{4785B0B1-5961-437E-9A03-119D6F159220}.Debug|Any CPU.ActiveCfg = Debug|Any CPU
		{4785B0B1-5961-437E-9A03-119D6F159220}.Debug|Any CPU.Build.0 = Debug|Any CPU
		{4785B0B1-5961-437E-9A03-119D6F159220}.Release|Any CPU.ActiveCfg = Release|Any CPU
		{4785B0B1-5961-437E-9A03-119D6F159220}.Release|Any CPU.Build.0 = Release|Any CPU
	EndGlobalSection
	GlobalSection(SolutionProperties) = preSolution
		HideSolutionNode = FALSE
	EndGlobalSection
	GlobalSection(ExtensibilityGlobals) = postSolution
		SolutionGuid = {CF1E32D7-09E0-4A42-805E-4C59714CF9CB}
	EndGlobalSection
EndGlobal
