
Microsoft Visual Studio Solution File, Format Version 12.00
# Visual Studio 15
VisualStudioVersion = 15.0.27004.2009
MinimumVisualStudioVersion = 10.0.40219.1
Project("{FAE04EC0-301F-11D3-BF4B-00C04F79EFBC}") = "Inheritance_Find_Min", "Inheritance_Find_Min\Inheritance_Find_Min.csproj", "{A568D765-F8B7-4F69-BA22-F8FA76012088}"
EndProject
Global
	GlobalSection(SolutionConfigurationPlatforms) = preSolution
		Debug|Any CPU = Debug|Any CPU
		Release|Any CPU = Release|Any CPU
	EndGlobalSection
	GlobalSection(ProjectConfigurationPlatforms) = postSolution
		{A568D765-F8B7-4F69-BA22-F8FA76012088}.Debug|Any CPU.ActiveCfg = Debug|Any CPU
		{A568D765-F8B7-4F69-BA22-F8FA76012088}.Debug|Any CPU.Build.0 = Debug|Any CPU
		{A568D765-F8B7-4F69-BA22-F8FA76012088}.Release|Any CPU.ActiveCfg = Release|Any CPU
		{A568D765-F8B7-4F69-BA22-F8FA76012088}.Release|Any CPU.Build.0 = Release|Any CPU
	EndGlobalSection
	GlobalSection(SolutionProperties) = preSolution
		HideSolutionNode = FALSE
	EndGlobalSection
	GlobalSection(ExtensibilityGlobals) = postSolution
		SolutionGuid = {EDDCF695-9AD9-418D-892A-BE76D4CA8AE0}
	EndGlobalSection
EndGlobal
