
Microsoft Visual Studio Solution File, Format Version 12.00
# Visual Studio 15
VisualStudioVersion = 15.0.27004.2009
MinimumVisualStudioVersion = 10.0.40219.1
Project("{FAE04EC0-301F-11D3-BF4B-00C04F79EFBC}") = "TestFinal", "TestFinal\TestFinal.csproj", "{A34F3936-2AF9-45DD-8DEC-868EDFDAA73C}"
EndProject
Global
	GlobalSection(SolutionConfigurationPlatforms) = preSolution
		Debug|Any CPU = Debug|Any CPU
		Release|Any CPU = Release|Any CPU
	EndGlobalSection
	GlobalSection(ProjectConfigurationPlatforms) = postSolution
		{A34F3936-2AF9-45DD-8DEC-868EDFDAA73C}.Debug|Any CPU.ActiveCfg = Debug|Any CPU
		{A34F3936-2AF9-45DD-8DEC-868EDFDAA73C}.Debug|Any CPU.Build.0 = Debug|Any CPU
		{A34F3936-2AF9-45DD-8DEC-868EDFDAA73C}.Release|Any CPU.ActiveCfg = Release|Any CPU
		{A34F3936-2AF9-45DD-8DEC-868EDFDAA73C}.Release|Any CPU.Build.0 = Release|Any CPU
	EndGlobalSection
	GlobalSection(SolutionProperties) = preSolution
		HideSolutionNode = FALSE
	EndGlobalSection
	GlobalSection(ExtensibilityGlobals) = postSolution
		SolutionGuid = {5358B0F7-E400-4FA5-97B9-D6D59DE12FB7}
	EndGlobalSection
EndGlobal
