
Microsoft Visual Studio Solution File, Format Version 12.00
# Visual Studio 15
VisualStudioVersion = 15.0.26730.8
MinimumVisualStudioVersion = 10.0.40219.1
Project("{FAE04EC0-301F-11D3-BF4B-00C04F79EFBC}") = "Znakomstvo_Lessons1", "Znakomstvo_Lessons1\Znakomstvo_Lessons1.csproj", "{704B0710-34F2-439B-B861-E82ACF46EECB}"
EndProject
Global
	GlobalSection(SolutionConfigurationPlatforms) = preSolution
		Debug|Any CPU = Debug|Any CPU
		Release|Any CPU = Release|Any CPU
	EndGlobalSection
	GlobalSection(ProjectConfigurationPlatforms) = postSolution
		{704B0710-34F2-439B-B861-E82ACF46EECB}.Debug|Any CPU.ActiveCfg = Debug|Any CPU
		{704B0710-34F2-439B-B861-E82ACF46EECB}.Debug|Any CPU.Build.0 = Debug|Any CPU
		{704B0710-34F2-439B-B861-E82ACF46EECB}.Release|Any CPU.ActiveCfg = Release|Any CPU
		{704B0710-34F2-439B-B861-E82ACF46EECB}.Release|Any CPU.Build.0 = Release|Any CPU
	EndGlobalSection
	GlobalSection(SolutionProperties) = preSolution
		HideSolutionNode = FALSE
	EndGlobalSection
	GlobalSection(ExtensibilityGlobals) = postSolution
		SolutionGuid = {26A57719-5D91-498E-BBF6-20AB2BE28176}
	EndGlobalSection
EndGlobal
