
Microsoft Visual Studio Solution File, Format Version 12.00
# Visual Studio 15
VisualStudioVersion = 15.0.26730.8
MinimumVisualStudioVersion = 10.0.40219.1
Project("{FAE04EC0-301F-11D3-BF4B-00C04F79EFBC}") = "Znakomstvo_Semenar6", "Znakomstvo_Semenar6\Znakomstvo_Semenar6.csproj", "{3F84F34C-DC9F-408D-85FE-B7BBDC51DFF3}"
EndProject
Global
	GlobalSection(SolutionConfigurationPlatforms) = preSolution
		Debug|Any CPU = Debug|Any CPU
		Release|Any CPU = Release|Any CPU
	EndGlobalSection
	GlobalSection(ProjectConfigurationPlatforms) = postSolution
		{3F84F34C-DC9F-408D-85FE-B7BBDC51DFF3}.Debug|Any CPU.ActiveCfg = Debug|Any CPU
		{3F84F34C-DC9F-408D-85FE-B7BBDC51DFF3}.Debug|Any CPU.Build.0 = Debug|Any CPU
		{3F84F34C-DC9F-408D-85FE-B7BBDC51DFF3}.Release|Any CPU.ActiveCfg = Release|Any CPU
		{3F84F34C-DC9F-408D-85FE-B7BBDC51DFF3}.Release|Any CPU.Build.0 = Release|Any CPU
	EndGlobalSection
	GlobalSection(SolutionProperties) = preSolution
		HideSolutionNode = FALSE
	EndGlobalSection
	GlobalSection(ExtensibilityGlobals) = postSolution
		SolutionGuid = {372954EA-64EF-4D2C-A94F-D5C0D3382B9D}
	EndGlobalSection
EndGlobal
