
Microsoft Visual Studio Solution File, Format Version 12.00
# Visual Studio 15
VisualStudioVersion = 15.0.27004.2009
MinimumVisualStudioVersion = 10.0.40219.1
Project("{FAE04EC0-301F-11D3-BF4B-00C04F79EFBC}") = "OOP_Vector", "OOP_Vector\OOP_Vector.csproj", "{EE86BC90-FDFF-456B-976C-49E1C9EAAF45}"
EndProject
Global
	GlobalSection(SolutionConfigurationPlatforms) = preSolution
		Debug|Any CPU = Debug|Any CPU
		Release|Any CPU = Release|Any CPU
	EndGlobalSection
	GlobalSection(ProjectConfigurationPlatforms) = postSolution
		{EE86BC90-FDFF-456B-976C-49E1C9EAAF45}.Debug|Any CPU.ActiveCfg = Debug|Any CPU
		{EE86BC90-FDFF-456B-976C-49E1C9EAAF45}.Debug|Any CPU.Build.0 = Debug|Any CPU
		{EE86BC90-FDFF-456B-976C-49E1C9EAAF45}.Release|Any CPU.ActiveCfg = Release|Any CPU
		{EE86BC90-FDFF-456B-976C-49E1C9EAAF45}.Release|Any CPU.Build.0 = Release|Any CPU
	EndGlobalSection
	GlobalSection(SolutionProperties) = preSolution
		HideSolutionNode = FALSE
	EndGlobalSection
	GlobalSection(ExtensibilityGlobals) = postSolution
		SolutionGuid = {F74C49D9-E2BE-448F-A4AB-F9B95D89454A}
	EndGlobalSection
EndGlobal
